
Microsoft Visual Studio Solution File, Format Version 12.00
# Visual Studio Version 16
VisualStudioVersion = 16.0.31702.278
MinimumVisualStudioVersion = 10.0.40219.1
Project("{FAE04EC0-301F-11D3-BF4B-00C04F79EFBC}") = "DotnetAssessment2_Qus3", "DotnetAssessment2_Qus3.csproj", "{DF8E6AAE-891F-4354-A745-BD2F0A9506E3}"
EndProject
Global
	GlobalSection(SolutionConfigurationPlatforms) = preSolution
		Debug|Any CPU = Debug|Any CPU
		Release|Any CPU = Release|Any CPU
	EndGlobalSection
	GlobalSection(ProjectConfigurationPlatforms) = postSolution
		{DF8E6AAE-891F-4354-A745-BD2F0A9506E3}.Debug|Any CPU.ActiveCfg = Debug|Any CPU
		{DF8E6AAE-891F-4354-A745-BD2F0A9506E3}.Debug|Any CPU.Build.0 = Debug|Any CPU
		{DF8E6AAE-891F-4354-A745-BD2F0A9506E3}.Release|Any CPU.ActiveCfg = Release|Any CPU
		{DF8E6AAE-891F-4354-A745-BD2F0A9506E3}.Release|Any CPU.Build.0 = Release|Any CPU
	EndGlobalSection
	GlobalSection(SolutionProperties) = preSolution
		HideSolutionNode = FALSE
	EndGlobalSection
	GlobalSection(ExtensibilityGlobals) = postSolution
		SolutionGuid = {1B476644-FC33-467F-A34A-F9119765A415}
	EndGlobalSection
EndGlobal
