
Microsoft Visual Studio Solution File, Format Version 12.00
# Visual Studio Version 16
VisualStudioVersion = 16.0.31702.278
MinimumVisualStudioVersion = 10.0.40219.1
Project("{FAE04EC0-301F-11D3-BF4B-00C04F79EFBC}") = "DotnetAssessment2_Qus4", "DotnetAssessment2_Qus4.csproj", "{2DD476BF-B048-4469-84D9-EE85A4737AA1}"
EndProject
Global
	GlobalSection(SolutionConfigurationPlatforms) = preSolution
		Debug|Any CPU = Debug|Any CPU
		Release|Any CPU = Release|Any CPU
	EndGlobalSection
	GlobalSection(ProjectConfigurationPlatforms) = postSolution
		{2DD476BF-B048-4469-84D9-EE85A4737AA1}.Debug|Any CPU.ActiveCfg = Debug|Any CPU
		{2DD476BF-B048-4469-84D9-EE85A4737AA1}.Debug|Any CPU.Build.0 = Debug|Any CPU
		{2DD476BF-B048-4469-84D9-EE85A4737AA1}.Release|Any CPU.ActiveCfg = Release|Any CPU
		{2DD476BF-B048-4469-84D9-EE85A4737AA1}.Release|Any CPU.Build.0 = Release|Any CPU
	EndGlobalSection
	GlobalSection(SolutionProperties) = preSolution
		HideSolutionNode = FALSE
	EndGlobalSection
	GlobalSection(ExtensibilityGlobals) = postSolution
		SolutionGuid = {85D8B02A-B435-400F-BB7F-EC0B4238CA33}
	EndGlobalSection
EndGlobal
