
Microsoft Visual Studio Solution File, Format Version 12.00
# Visual Studio Version 16
VisualStudioVersion = 16.0.31702.278
MinimumVisualStudioVersion = 10.0.40219.1
Project("{FAE04EC0-301F-11D3-BF4B-00C04F79EFBC}") = "DotnetAssessment2_Qus7", "DotnetAssessment2_Qus7.csproj", "{466D3B80-A915-40F9-B8EB-E97325163AF7}"
EndProject
Global
	GlobalSection(SolutionConfigurationPlatforms) = preSolution
		Debug|Any CPU = Debug|Any CPU
		Release|Any CPU = Release|Any CPU
	EndGlobalSection
	GlobalSection(ProjectConfigurationPlatforms) = postSolution
		{466D3B80-A915-40F9-B8EB-E97325163AF7}.Debug|Any CPU.ActiveCfg = Debug|Any CPU
		{466D3B80-A915-40F9-B8EB-E97325163AF7}.Debug|Any CPU.Build.0 = Debug|Any CPU
		{466D3B80-A915-40F9-B8EB-E97325163AF7}.Release|Any CPU.ActiveCfg = Release|Any CPU
		{466D3B80-A915-40F9-B8EB-E97325163AF7}.Release|Any CPU.Build.0 = Release|Any CPU
	EndGlobalSection
	GlobalSection(SolutionProperties) = preSolution
		HideSolutionNode = FALSE
	EndGlobalSection
	GlobalSection(ExtensibilityGlobals) = postSolution
		SolutionGuid = {F0491A2F-21E8-4F5B-986A-A25F4B7CE806}
	EndGlobalSection
EndGlobal
